
Microsoft Visual Studio Solution File, Format Version 12.00
# Visual Studio Version 17
VisualStudioVersion = 17.5.33424.131
MinimumVisualStudioVersion = 10.0.40219.1
Project("{FAE04EC0-301F-11D3-BF4B-00C04F79EFBC}") = "ConsoleApp", "ConsoleApp.csproj", "{BED6C51C-6EBF-4D55-AC5D-3EAFEC2D8B3C}"
EndProject
Project("{FAE04EC0-301F-11D3-BF4B-00C04F79EFBC}") = "WinFormsApp1", "..\WinFormsApp1\WinFormsApp1.csproj", "{DAEF8153-ED6B-4E63-92D5-A4002C3535A1}"
EndProject
Global
	GlobalSection(SolutionConfigurationPlatforms) = preSolution
		Debug|Any CPU = Debug|Any CPU
		Release|Any CPU = Release|Any CPU
	EndGlobalSection
	GlobalSection(ProjectConfigurationPlatforms) = postSolution
		{BED6C51C-6EBF-4D55-AC5D-3EAFEC2D8B3C}.Debug|Any CPU.ActiveCfg = Debug|Any CPU
		{BED6C51C-6EBF-4D55-AC5D-3EAFEC2D8B3C}.Debug|Any CPU.Build.0 = Debug|Any CPU
		{BED6C51C-6EBF-4D55-AC5D-3EAFEC2D8B3C}.Release|Any CPU.ActiveCfg = Release|Any CPU
		{BED6C51C-6EBF-4D55-AC5D-3EAFEC2D8B3C}.Release|Any CPU.Build.0 = Release|Any CPU
		{DAEF8153-ED6B-4E63-92D5-A4002C3535A1}.Debug|Any CPU.ActiveCfg = Debug|Any CPU
		{DAEF8153-ED6B-4E63-92D5-A4002C3535A1}.Debug|Any CPU.Build.0 = Debug|Any CPU
		{DAEF8153-ED6B-4E63-92D5-A4002C3535A1}.Release|Any CPU.ActiveCfg = Release|Any CPU
		{DAEF8153-ED6B-4E63-92D5-A4002C3535A1}.Release|Any CPU.Build.0 = Release|Any CPU
	EndGlobalSection
	GlobalSection(SolutionProperties) = preSolution
		HideSolutionNode = FALSE
	EndGlobalSection
	GlobalSection(ExtensibilityGlobals) = postSolution
		SolutionGuid = {06FD470A-AFDC-48EA-8898-EE463247253A}
	EndGlobalSection
EndGlobal
